
Microsoft Visual Studio Solution File, Format Version 12.00
# Visual Studio Version 17
VisualStudioVersion = 17.14.36301.6 d17.14
MinimumVisualStudioVersion = 10.0.40219.1
Project("{FAE04EC0-301F-11D3-BF4B-00C04F79EFBC}") = "UserRegistration", "UserRegistration\UserRegistration.csproj", "{43DAFC0F-5915-4D48-85C7-AA2838076685}"
EndProject
Global
	GlobalSection(SolutionConfigurationPlatforms) = preSolution
		Debug|Any CPU = Debug|Any CPU
		Release|Any CPU = Release|Any CPU
	EndGlobalSection
	GlobalSection(ProjectConfigurationPlatforms) = postSolution
		{43DAFC0F-5915-4D48-85C7-AA2838076685}.Debug|Any CPU.ActiveCfg = Debug|Any CPU
		{43DAFC0F-5915-4D48-85C7-AA2838076685}.Debug|Any CPU.Build.0 = Debug|Any CPU
		{43DAFC0F-5915-4D48-85C7-AA2838076685}.Release|Any CPU.ActiveCfg = Release|Any CPU
		{43DAFC0F-5915-4D48-85C7-AA2838076685}.Release|Any CPU.Build.0 = Release|Any CPU
	EndGlobalSection
	GlobalSection(SolutionProperties) = preSolution
		HideSolutionNode = FALSE
	EndGlobalSection
	GlobalSection(ExtensibilityGlobals) = postSolution
		SolutionGuid = {746FC0E7-85BF-4F8B-A080-EE8CC1EC9AB3}
	EndGlobalSection
EndGlobal
